{
  "name": "voltz",
  "lockfileVersion": 2,
  "requires": true,
  "packages": {
    "": {
      "dependencies": {
        "heroicons-qwik": "^0.1.0"
      }
    },
    "node_modules/heroicons-qwik": {
      "version": "0.1.0",
      "resolved": "https://registry.npmjs.org/heroicons-qwik/-/heroicons-qwik-0.1.0.tgz",
      "integrity": "sha512-Q2QC8C4Kg96xEOFXCVBHSwgSQoXN16Ko/mvRRHE+SLUlPBceFMIJAjzuH30vle5Nsyzlzd0fqZtHCNyVq1JEbw==",
      "engines": {
        "node": ">=15.0.0"
      }
    }
  },
  "dependencies": {
    "heroicons-qwik": {
      "version": "0.1.0",
      "resolved": "https://registry.npmjs.org/heroicons-qwik/-/heroicons-qwik-0.1.0.tgz",
      "integrity": "sha512-Q2QC8C4Kg96xEOFXCVBHSwgSQoXN16Ko/mvRRHE+SLUlPBceFMIJAjzuH30vle5Nsyzlzd0fqZtHCNyVq1JEbw=="
    }
  }
}
